PODS:
  - Charts (3.2.1):
    - Charts/Core (= 3.2.1)
  - Charts/Core (3.2.1)
  - Differentiator (3.1.0)
  - RxCocoa (4.3.1):
    - RxSwift (~> 4.0)
  - RxDataSources (3.1.0):
    - Differentiator (~> 3.0)
    - RxCocoa (~> 4.0)
    - RxSwift (~> 4.0)
  - RxSwift (4.3.1)
  - SciChart (2.2.1.2267)
  - SnapKit (4.2.0)
  - Starscream (3.0.6)

DEPENDENCIES:
  - Charts
  - RxCocoa (~> 4.0)
  - RxDataSources
  - RxSwift (~> 4.0)
  - SciChart
  - SnapKit
  - Starscream

SPEC REPOS:
  https://github.com/ABTSoftware/PodSpecs.git:
    - SciChart
  https://github.com/cocoapods/specs.git:
    - Charts
    - Differentiator
    - RxCocoa
    - RxDataSources
    - RxSwift
    - SnapKit
    - Starscream

SPEC CHECKSUMS:
  Charts: f122fb70b19847fa5817d018b77d6c5a2296ab25
  Differentiator: be49ca3408f0ecfc761e4c7763d20c62be01b9ad
  RxCocoa: 78763c7b07d02455598d9fc3c1ad091a28b73635
  RxDataSources: a843bad90c29817f5923ec8163f4af2de084ceb3
  RxSwift: fe0fd770a43acdb7d0a53da411c9b892e69bb6e4
  SciChart: 7e465c96c88d1b95b7fc6a2996da1bf06605cafe
  SnapKit: fe8a619752f3f27075cc9a90244d75c6c3f27e2a
  Starscream: ef3ece99d765eeccb67de105bfa143f929026cf5

PODFILE CHECKSUM: e5bee455d0b83020a643099e08f49c9def8ff529

COCOAPODS: 1.5.3
