// !$*UTF8*$!
{
	archiveVersion = 1;
	classes = {
	};
	objectVersion = 50;
	objects = {

/* Begin PBXBuildFile section */
		B1225A6A212828860093BFC6 /* AppDelegate.swift in Sources */ = {isa = PBXBuildFile; fileRef = B1225A69212828860093BFC6 /* AppDelegate.swift */; };
		B1225A71212828880093BFC6 /* Assets.xcassets in Resources */ = {isa = PBXBuildFile; fileRef = B1225A70212828880093BFC6 /* Assets.xcassets */; };
		B1225A74212828880093BFC6 /* LaunchScreen.storyboard in Resources */ = {isa = PBXBuildFile; fileRef = B1225A72212828880093BFC6 /* LaunchScreen.storyboard */; };
		B1225A7D212836780093BFC6 /* InterfaceController.swift in Sources */ = {isa = PBXBuildFile; fileRef = B1225A7C212836780093BFC6 /* InterfaceController.swift */; };
		B1225A8021283EF50093BFC6 /* NetworkCore.swift in Sources */ = {isa = PBXBuildFile; fileRef = B1225A7F21283EF50093BFC6 /* NetworkCore.swift */; };
		B1225A8421284CB60093BFC6 /* ChartViewController.swift in Sources */ = {isa = PBXBuildFile; fileRef = B1225A8321284CB60093BFC6 /* ChartViewController.swift */; };
		B1225A87212A04C00093BFC6 /* ChartDataProvider.swift in Sources */ = {isa = PBXBuildFile; fileRef = B1225A86212A04C00093BFC6 /* ChartDataProvider.swift */; };
		B1225A8A212A12980093BFC6 /* Ticker.swift in Sources */ = {isa = PBXBuildFile; fileRef = B1225A89212A12980093BFC6 /* Ticker.swift */; };
		B1225A8E212A95370093BFC6 /* ChartViewModel.swift in Sources */ = {isa = PBXBuildFile; fileRef = B1225A8D212A95370093BFC6 /* ChartViewModel.swift */; };
		B1225A90212A95930093BFC6 /* ChartView.swift in Sources */ = {isa = PBXBuildFile; fileRef = B1225A8F212A95930093BFC6 /* ChartView.swift */; };
		B366575221A7F76B006C4BAD /* SciChartViewModel.swift in Sources */ = {isa = PBXBuildFile; fileRef = B366575121A7F76B006C4BAD /* SciChartViewModel.swift */; };
		B3C323C821A7E3460093B41B /* Keys.swift in Sources */ = {isa = PBXBuildFile; fileRef = B3C323C721A7E3460093B41B /* Keys.swift */; };
		B3C323CC21A7EA8C0093B41B /* SciChartView.swift in Sources */ = {isa = PBXBuildFile; fileRef = B3C323CB21A7EA8C0093B41B /* SciChartView.swift */; };
		B3C323CE21A7EAA00093B41B /* SciChartController.swift in Sources */ = {isa = PBXBuildFile; fileRef = B3C323CD21A7EAA00093B41B /* SciChartController.swift */; };
		F3AF36B82EB65DCFA47E2871 /* Pods_SocketTestApp.framework in Frameworks */ = {isa = PBXBuildFile; fileRef = DD672E77E3322E0E4183831B /* Pods_SocketTestApp.framework */; };
/* End PBXBuildFile section */

/* Begin PBXFileReference section */
		1FA6F9403CD02A9711422059 /* Pods-SocketTestApp.release.xcconfig */ = {isa = PBXFileReference; includeInIndex = 1; lastKnownFileType = text.xcconfig; name = "Pods-SocketTestApp.release.xcconfig"; path = "Pods/Target Support Files/Pods-SocketTestApp/Pods-SocketTestApp.release.xcconfig"; sourceTree = "<group>"; };
		5EE39B67F4C9408F7B6390C1 /* Pods-SocketTestApp.debug.xcconfig */ = {isa = PBXFileReference; includeInIndex = 1; lastKnownFileType = text.xcconfig; name = "Pods-SocketTestApp.debug.xcconfig"; path = "Pods/Target Support Files/Pods-SocketTestApp/Pods-SocketTestApp.debug.xcconfig"; sourceTree = "<group>"; };
		B1225A66212828860093BFC6 /* SocketTestApp.app */ = {isa = PBXFileReference; explicitFileType = wrapper.application; includeInIndex = 0; path = SocketTestApp.app; sourceTree = BUILT_PRODUCTS_DIR; };
		B1225A69212828860093BFC6 /* AppDelegate.swift */ = {isa = PBXFileReference; lastKnownFileType = sourcecode.swift; path = AppDelegate.swift; sourceTree = "<group>"; };
		B1225A70212828880093BFC6 /* Assets.xcassets */ = {isa = PBXFileReference; lastKnownFileType = folder.assetcatalog; path = Assets.xcassets; sourceTree = "<group>"; };
		B1225A73212828880093BFC6 /* Base */ = {isa = PBXFileReference; lastKnownFileType = file.storyboard; name = Base; path = Base.lproj/LaunchScreen.storyboard; sourceTree = "<group>"; };
		B1225A75212828880093BFC6 /* Info.plist */ = {isa = PBXFileReference; lastKnownFileType = text.plist.xml; path = Info.plist; sourceTree = "<group>"; };
		B1225A7C212836780093BFC6 /* InterfaceController.swift */ = {isa = PBXFileReference; lastKnownFileType = sourcecode.swift; path = InterfaceController.swift; sourceTree = "<group>"; };
		B1225A7F21283EF50093BFC6 /* NetworkCore.swift */ = {isa = PBXFileReference; lastKnownFileType = sourcecode.swift; path = NetworkCore.swift; sourceTree = "<group>"; };
		B1225A8321284CB60093BFC6 /* ChartViewController.swift */ = {isa = PBXFileReference; lastKnownFileType = sourcecode.swift; path = ChartViewController.swift; sourceTree = "<group>"; };
		B1225A86212A04C00093BFC6 /* ChartDataProvider.swift */ = {isa = PBXFileReference; lastKnownFileType = sourcecode.swift; path = ChartDataProvider.swift; sourceTree = "<group>"; };
		B1225A89212A12980093BFC6 /* Ticker.swift */ = {isa = PBXFileReference; lastKnownFileType = sourcecode.swift; path = Ticker.swift; sourceTree = "<group>"; };
		B1225A8D212A95370093BFC6 /* ChartViewModel.swift */ = {isa = PBXFileReference; lastKnownFileType = sourcecode.swift; path = ChartViewModel.swift; sourceTree = "<group>"; };
		B1225A8F212A95930093BFC6 /* ChartView.swift */ = {isa = PBXFileReference; lastKnownFileType = sourcecode.swift; path = ChartView.swift; sourceTree = "<group>"; };
		B366575121A7F76B006C4BAD /* SciChartViewModel.swift */ = {isa = PBXFileReference; lastKnownFileType = sourcecode.swift; path = SciChartViewModel.swift; sourceTree = "<group>"; };
		B3C323C721A7E3460093B41B /* Keys.swift */ = {isa = PBXFileReference; lastKnownFileType = sourcecode.swift; path = Keys.swift; sourceTree = "<group>"; };
		B3C323CB21A7EA8C0093B41B /* SciChartView.swift */ = {isa = PBXFileReference; lastKnownFileType = sourcecode.swift; path = SciChartView.swift; sourceTree = "<group>"; };
		B3C323CD21A7EAA00093B41B /* SciChartController.swift */ = {isa = PBXFileReference; lastKnownFileType = sourcecode.swift; path = SciChartController.swift; sourceTree = "<group>"; };
		DD672E77E3322E0E4183831B /* Pods_SocketTestApp.framework */ = {isa = PBXFileReference; explicitFileType = wrapper.framework; includeInIndex = 0; path = Pods_SocketTestApp.framework; sourceTree = BUILT_PRODUCTS_DIR; };
/* End PBXFileReference section */

/* Begin PBXFrameworksBuildPhase section */
		B1225A63212828860093BFC6 /* Frameworks */ = {
			isa = PBXFrameworksBuildPhase;
			buildActionMask = 2147483647;
			files = (
				F3AF36B82EB65DCFA47E2871 /* Pods_SocketTestApp.framework in Frameworks */,
			);
			runOnlyForDeploymentPostprocessing = 0;
		};
/* End PBXFrameworksBuildPhase section */

/* Begin PBXGroup section */
		7AEE1A186E5933A861E53C89 /* Pods */ = {
			isa = PBXGroup;
			children = (
				5EE39B67F4C9408F7B6390C1 /* Pods-SocketTestApp.debug.xcconfig */,
				1FA6F9403CD02A9711422059 /* Pods-SocketTestApp.release.xcconfig */,
			);
			name = Pods;
			sourceTree = "<group>";
		};
		A71999D92BC29BADEEC1480D /* Frameworks */ = {
			isa = PBXGroup;
			children = (
				DD672E77E3322E0E4183831B /* Pods_SocketTestApp.framework */,
			);
			name = Frameworks;
			sourceTree = "<group>";
		};
		B1225A5D212828860093BFC6 = {
			isa = PBXGroup;
			children = (
				B1225A68212828860093BFC6 /* SocketTestApp */,
				B1225A67212828860093BFC6 /* Products */,
				7AEE1A186E5933A861E53C89 /* Pods */,
				A71999D92BC29BADEEC1480D /* Frameworks */,
			);
			sourceTree = "<group>";
		};
		B1225A67212828860093BFC6 /* Products */ = {
			isa = PBXGroup;
			children = (
				B1225A66212828860093BFC6 /* SocketTestApp.app */,
			);
			name = Products;
			sourceTree = "<group>";
		};
		B1225A68212828860093BFC6 /* SocketTestApp */ = {
			isa = PBXGroup;
			children = (
				B3C323C321A7E3140093B41B /* Frameworks */,
				B1225A88212A12720093BFC6 /* Models */,
				B1225A81212842660093BFC6 /* Stories */,
				B1225A7E21283EDD0093BFC6 /* NetworkLayer */,
				B1225A7B212836650093BFC6 /* Common */,
				B1225A69212828860093BFC6 /* AppDelegate.swift */,
				B1225A70212828880093BFC6 /* Assets.xcassets */,
				B1225A72212828880093BFC6 /* LaunchScreen.storyboard */,
				B1225A75212828880093BFC6 /* Info.plist */,
			);
			path = SocketTestApp;
			sourceTree = "<group>";
		};
		B1225A7B212836650093BFC6 /* Common */ = {
			isa = PBXGroup;
			children = (
				B3C323C621A7E33A0093B41B /* Helpers */,
				B1225A7C212836780093BFC6 /* InterfaceController.swift */,
			);
			path = Common;
			sourceTree = "<group>";
		};
		B1225A7E21283EDD0093BFC6 /* NetworkLayer */ = {
			isa = PBXGroup;
			children = (
				B1225A85212A04A50093BFC6 /* Providers */,
				B1225A7F21283EF50093BFC6 /* NetworkCore.swift */,
			);
			path = NetworkLayer;
			sourceTree = "<group>";
		};
		B1225A81212842660093BFC6 /* Stories */ = {
			isa = PBXGroup;
			children = (
				B3C323C921A7EA6D0093B41B /* SciChart */,
				B1225A8221284C930093BFC6 /* Chart */,
			);
			path = Stories;
			sourceTree = "<group>";
		};
		B1225A8221284C930093BFC6 /* Chart */ = {
			isa = PBXGroup;
			children = (
				B1225A8C212A1BE10093BFC6 /* ViewModels */,
				B1225A8B212A1BD60093BFC6 /* Views */,
				B1225A8321284CB60093BFC6 /* ChartViewController.swift */,
			);
			path = Chart;
			sourceTree = "<group>";
		};
		B1225A85212A04A50093BFC6 /* Providers */ = {
			isa = PBXGroup;
			children = (
				B1225A86212A04C00093BFC6 /* ChartDataProvider.swift */,
			);
			path = Providers;
			sourceTree = "<group>";
		};
		B1225A88212A12720093BFC6 /* Models */ = {
			isa = PBXGroup;
			children = (
				B1225A89212A12980093BFC6 /* Ticker.swift */,
			);
			path = Models;
			sourceTree = "<group>";
		};
		B1225A8B212A1BD60093BFC6 /* Views */ = {
			isa = PBXGroup;
			children = (
				B1225A8F212A95930093BFC6 /* ChartView.swift */,
			);
			path = Views;
			sourceTree = "<group>";
		};
		B1225A8C212A1BE10093BFC6 /* ViewModels */ = {
			isa = PBXGroup;
			children = (
				B1225A8D212A95370093BFC6 /* ChartViewModel.swift */,
			);
			path = ViewModels;
			sourceTree = "<group>";
		};
		B366575021A7F756006C4BAD /* ViewModel */ = {
			isa = PBXGroup;
			children = (
				B366575121A7F76B006C4BAD /* SciChartViewModel.swift */,
			);
			path = ViewModel;
			sourceTree = "<group>";
		};
		B3C323C321A7E3140093B41B /* Frameworks */ = {
			isa = PBXGroup;
			children = (
			);
			path = Frameworks;
			sourceTree = "<group>";
		};
		B3C323C621A7E33A0093B41B /* Helpers */ = {
			isa = PBXGroup;
			children = (
				B3C323C721A7E3460093B41B /* Keys.swift */,
			);
			path = Helpers;
			sourceTree = "<group>";
		};
		B3C323C921A7EA6D0093B41B /* SciChart */ = {
			isa = PBXGroup;
			children = (
				B366575021A7F756006C4BAD /* ViewModel */,
				B3C323CA21A7EA7E0093B41B /* Views */,
				B3C323CD21A7EAA00093B41B /* SciChartController.swift */,
			);
			path = SciChart;
			sourceTree = "<group>";
		};
		B3C323CA21A7EA7E0093B41B /* Views */ = {
			isa = PBXGroup;
			children = (
				B3C323CB21A7EA8C0093B41B /* SciChartView.swift */,
			);
			path = Views;
			sourceTree = "<group>";
		};
/* End PBXGroup section */

/* Begin PBXNativeTarget section */
		B1225A65212828860093BFC6 /* SocketTestApp */ = {
			isa = PBXNativeTarget;
			buildConfigurationList = B1225A78212828880093BFC6 /* Build configuration list for PBXNativeTarget "SocketTestApp" */;
			buildPhases = (
				A8967D4F13ECE078531DAFCA /* [CP] Check Pods Manifest.lock */,
				B1225A62212828860093BFC6 /* Sources */,
				B1225A63212828860093BFC6 /* Frameworks */,
				B1225A64212828860093BFC6 /* Resources */,
				9556F95C10302BD3870D8265 /* [CP] Embed Pods Frameworks */,
			);
			buildRules = (
			);
			dependencies = (
			);
			name = SocketTestApp;
			productName = SocketTestApp;
			productReference = B1225A66212828860093BFC6 /* SocketTestApp.app */;
			productType = "com.apple.product-type.application";
		};
/* End PBXNativeTarget section */

/* Begin PBXProject section */
		B1225A5E212828860093BFC6 /* Project object */ = {
			isa = PBXProject;
			attributes = {
				LastSwiftUpdateCheck = 0930;
				LastUpgradeCheck = 0930;
				ORGANIZATIONNAME = HOME;
				TargetAttributes = {
					B1225A65212828860093BFC6 = {
						CreatedOnToolsVersion = 9.3;
						LastSwiftMigration = 1000;
					};
				};
			};
			buildConfigurationList = B1225A61212828860093BFC6 /* Build configuration list for PBXProject "SocketTestApp" */;
			compatibilityVersion = "Xcode 9.3";
			developmentRegion = en;
			hasScannedForEncodings = 0;
			knownRegions = (
				en,
				Base,
			);
			mainGroup = B1225A5D212828860093BFC6;
			productRefGroup = B1225A67212828860093BFC6 /* Products */;
			projectDirPath = "";
			projectRoot = "";
			targets = (
				B1225A65212828860093BFC6 /* SocketTestApp */,
			);
		};
/* End PBXProject section */

/* Begin PBXResourcesBuildPhase section */
		B1225A64212828860093BFC6 /* Resources */ = {
			isa = PBXResourcesBuildPhase;
			buildActionMask = 2147483647;
			files = (
				B1225A74212828880093BFC6 /* LaunchScreen.storyboard in Resources */,
				B1225A71212828880093BFC6 /* Assets.xcassets in Resources */,
			);
			runOnlyForDeploymentPostprocessing = 0;
		};
/* End PBXResourcesBuildPhase section */

/* Begin PBXShellScriptBuildPhase section */
		9556F95C10302BD3870D8265 /* [CP] Embed Pods Frameworks */ = {
			isa = PBXShellScriptBuildPhase;
			buildActionMask = 2147483647;
			files = (
			);
			inputPaths = (
				"${SRCROOT}/Pods/Target Support Files/Pods-SocketTestApp/Pods-SocketTestApp-frameworks.sh",
				"${BUILT_PRODUCTS_DIR}/Charts/Charts.framework",
				"${BUILT_PRODUCTS_DIR}/Differentiator/Differentiator.framework",
				"${BUILT_PRODUCTS_DIR}/RxCocoa/RxCocoa.framework",
				"${BUILT_PRODUCTS_DIR}/RxDataSources/RxDataSources.framework",
				"${BUILT_PRODUCTS_DIR}/RxSwift/RxSwift.framework",
				"${PODS_ROOT}/SciChart/SciChart.framework",
				"${BUILT_PRODUCTS_DIR}/SnapKit/SnapKit.framework",
				"${BUILT_PRODUCTS_DIR}/Starscream/Starscream.framework",
			);
			name = "[CP] Embed Pods Frameworks";
			outputPaths = (
				"${TARGET_BUILD_DIR}/${FRAMEWORKS_FOLDER_PATH}/Charts.framework",
				"${TARGET_BUILD_DIR}/${FRAMEWORKS_FOLDER_PATH}/Differentiator.framework",
				"${TARGET_BUILD_DIR}/${FRAMEWORKS_FOLDER_PATH}/RxCocoa.framework",
				"${TARGET_BUILD_DIR}/${FRAMEWORKS_FOLDER_PATH}/RxDataSources.framework",
				"${TARGET_BUILD_DIR}/${FRAMEWORKS_FOLDER_PATH}/RxSwift.framework",
				"${TARGET_BUILD_DIR}/${FRAMEWORKS_FOLDER_PATH}/SciChart.framework",
				"${TARGET_BUILD_DIR}/${FRAMEWORKS_FOLDER_PATH}/SnapKit.framework",
				"${TARGET_BUILD_DIR}/${FRAMEWORKS_FOLDER_PATH}/Starscream.framework",
			);
			runOnlyForDeploymentPostprocessing = 0;
			shellPath = /bin/sh;
			shellScript = "\"${SRCROOT}/Pods/Target Support Files/Pods-SocketTestApp/Pods-SocketTestApp-frameworks.sh\"\n";
			showEnvVarsInLog = 0;
		};
		A8967D4F13ECE078531DAFCA /* [CP] Check Pods Manifest.lock */ = {
			isa = PBXShellScriptBuildPhase;
			buildActionMask = 2147483647;
			files = (
			);
			inputPaths = (
				"${PODS_PODFILE_DIR_PATH}/Podfile.lock",
				"${PODS_ROOT}/Manifest.lock",
			);
			name = "[CP] Check Pods Manifest.lock";
			outputPaths = (
				"$(DERIVED_FILE_DIR)/Pods-SocketTestApp-checkManifestLockResult.txt",
			);
			runOnlyForDeploymentPostprocessing = 0;
			shellPath = /bin/sh;
			shellScript = "diff \"${PODS_PODFILE_DIR_PATH}/Podfile.lock\" \"${PODS_ROOT}/Manifest.lock\" > /dev/null\nif [ $? != 0 ] ; then\n    # print error to STDERR\n    echo \"error: The sandbox is not in sync with the Podfile.lock. Run 'pod install' or update your CocoaPods installation.\" >&2\n    exit 1\nfi\n# This output is used by Xcode 'outputs' to avoid re-running this script phase.\necho \"SUCCESS\" > \"${SCRIPT_OUTPUT_FILE_0}\"\n";
			showEnvVarsInLog = 0;
		};
/* End PBXShellScriptBuildPhase section */

/* Begin PBXSourcesBuildPhase section */
		B1225A62212828860093BFC6 /* Sources */ = {
			isa = PBXSourcesBuildPhase;
			buildActionMask = 2147483647;
			files = (
				B1225A6A212828860093BFC6 /* AppDelegate.swift in Sources */,
				B3C323CC21A7EA8C0093B41B /* SciChartView.swift in Sources */,
				B1225A8A212A12980093BFC6 /* Ticker.swift in Sources */,
				B1225A8021283EF50093BFC6 /* NetworkCore.swift in Sources */,
				B1225A87212A04C00093BFC6 /* ChartDataProvider.swift in Sources */,
				B3C323CE21A7EAA00093B41B /* SciChartController.swift in Sources */,
				B1225A8421284CB60093BFC6 /* ChartViewController.swift in Sources */,
				B1225A7D212836780093BFC6 /* InterfaceController.swift in Sources */,
				B1225A8E212A95370093BFC6 /* ChartViewModel.swift in Sources */,
				B3C323C821A7E3460093B41B /* Keys.swift in Sources */,
				B1225A90212A95930093BFC6 /* ChartView.swift in Sources */,
				B366575221A7F76B006C4BAD /* SciChartViewModel.swift in Sources */,
			);
			runOnlyForDeploymentPostprocessing = 0;
		};
/* End PBXSourcesBuildPhase section */

/* Begin PBXVariantGroup section */
		B1225A72212828880093BFC6 /* LaunchScreen.storyboard */ = {
			isa = PBXVariantGroup;
			children = (
				B1225A73212828880093BFC6 /* Base */,
			);
			name = LaunchScreen.storyboard;
			sourceTree = "<group>";
		};
/* End PBXVariantGroup section */

/* Begin XCBuildConfiguration section */
		B1225A76212828880093BFC6 /* Debug */ = {
			isa = XCBuildConfiguration;
			buildSettings = {
				ALWAYS_SEARCH_USER_PATHS = NO;
				CLANG_ANALYZER_NONNULL = YES;
				CLANG_ANALYZER_NUMBER_OBJECT_CONVERSION = YES_AGGRESSIVE;
				CLANG_CXX_LANGUAGE_STANDARD = "gnu++14";
				CLANG_CXX_LIBRARY = "libc++";
				CLANG_ENABLE_MODULES = YES;
				CLANG_ENABLE_OBJC_ARC = YES;
				CLANG_ENABLE_OBJC_WEAK = YES;
				CLANG_WARN_BLOCK_CAPTURE_AUTORELEASING = YES;
				CLANG_WARN_BOOL_CONVERSION = YES;
				CLANG_WARN_COMMA = YES;
				CLANG_WARN_CONSTANT_CONVERSION = YES;
				CLANG_WARN_DEPRECATED_OBJC_IMPLEMENTATIONS = YES;
				CLANG_WARN_DIRECT_OBJC_ISA_USAGE = YES_ERROR;
				CLANG_WARN_DOCUMENTATION_COMMENTS = YES;
				CLANG_WARN_EMPTY_BODY = YES;
				CLANG_WARN_ENUM_CONVERSION = YES;
				CLANG_WARN_INFINITE_RECURSION = YES;
				CLANG_WARN_INT_CONVERSION = YES;
				CLANG_WARN_NON_LITERAL_NULL_CONVERSION = YES;
				CLANG_WARN_OBJC_IMPLICIT_RETAIN_SELF = YES;
				CLANG_WARN_OBJC_LITERAL_CONVERSION = YES;
				CLANG_WARN_OBJC_ROOT_CLASS = YES_ERROR;
				CLANG_WARN_RANGE_LOOP_ANALYSIS = YES;
				CLANG_WARN_STRICT_PROTOTYPES = YES;
				CLANG_WARN_SUSPICIOUS_MOVE = YES;
				CLANG_WARN_UNGUARDED_AVAILABILITY = YES_AGGRESSIVE;
				CLANG_WARN_UNREACHABLE_CODE = YES;
				CLANG_WARN__DUPLICATE_METHOD_MATCH = YES;
				CODE_SIGN_IDENTITY = "iPhone Developer";
				COPY_PHASE_STRIP = NO;
				DEBUG_INFORMATION_FORMAT = dwarf;
				ENABLE_STRICT_OBJC_MSGSEND = YES;
				ENABLE_TESTABILITY = YES;
				GCC_C_LANGUAGE_STANDARD = gnu11;
				GCC_DYNAMIC_NO_PIC = NO;
				GCC_NO_COMMON_BLOCKS = YES;
				GCC_OPTIMIZATION_LEVEL = 0;
				GCC_PREPROCESSOR_DEFINITIONS = (
					"DEBUG=1",
					"$(inherited)",
				);
				GCC_WARN_64_TO_32_BIT_CONVERSION = YES;
				GCC_WARN_ABOUT_RETURN_TYPE = YES_ERROR;
				GCC_WARN_UNDECLARED_SELECTOR = YES;
				GCC_WARN_UNINITIALIZED_AUTOS = YES_AGGRESSIVE;
				GCC_WARN_UNUSED_FUNCTION = YES;
				GCC_WARN_UNUSED_VARIABLE = YES;
				IPHONEOS_DEPLOYMENT_TARGET = 11.3;
				MTL_ENABLE_DEBUG_INFO = YES;
				ONLY_ACTIVE_ARCH = YES;
				SDKROOT = iphoneos;
				SWIFT_ACTIVE_COMPILATION_CONDITIONS = DEBUG;
				SWIFT_OPTIMIZATION_LEVEL = "-Onone";
			};
			name = Debug;
		};
		B1225A77212828880093BFC6 /* Release */ = {
			isa = XCBuildConfiguration;
			buildSettings = {
				ALWAYS_SEARCH_USER_PATHS = NO;
				CLANG_ANALYZER_NONNULL = YES;
				CLANG_ANALYZER_NUMBER_OBJECT_CONVERSION = YES_AGGRESSIVE;
				CLANG_CXX_LANGUAGE_STANDARD = "gnu++14";
				CLANG_CXX_LIBRARY = "libc++";
				CLANG_ENABLE_MODULES = YES;
				CLANG_ENABLE_OBJC_ARC = YES;
				CLANG_ENABLE_OBJC_WEAK = YES;
				CLANG_WARN_BLOCK_CAPTURE_AUTORELEASING = YES;
				CLANG_WARN_BOOL_CONVERSION = YES;
				CLANG_WARN_COMMA = YES;
				CLANG_WARN_CONSTANT_CONVERSION = YES;
				CLANG_WARN_DEPRECATED_OBJC_IMPLEMENTATIONS = YES;
				CLANG_WARN_DIRECT_OBJC_ISA_USAGE = YES_ERROR;
				CLANG_WARN_DOCUMENTATION_COMMENTS = YES;
				CLANG_WARN_EMPTY_BODY = YES;
				CLANG_WARN_ENUM_CONVERSION = YES;
				CLANG_WARN_INFINITE_RECURSION = YES;
				CLANG_WARN_INT_CONVERSION = YES;
				CLANG_WARN_NON_LITERAL_NULL_CONVERSION = YES;
				CLANG_WARN_OBJC_IMPLICIT_RETAIN_SELF = YES;
				CLANG_WARN_OBJC_LITERAL_CONVERSION = YES;
				CLANG_WARN_OBJC_ROOT_CLASS = YES_ERROR;
				CLANG_WARN_RANGE_LOOP_ANALYSIS = YES;
				CLANG_WARN_STRICT_PROTOTYPES = YES;
				CLANG_WARN_SUSPICIOUS_MOVE = YES;
				CLANG_WARN_UNGUARDED_AVAILABILITY = YES_AGGRESSIVE;
				CLANG_WARN_UNREACHABLE_CODE = YES;
				CLANG_WARN__DUPLICATE_METHOD_MATCH = YES;
				CODE_SIGN_IDENTITY = "iPhone Developer";
				COPY_PHASE_STRIP = NO;
				DEBUG_INFORMATION_FORMAT = "dwarf-with-dsym";
				ENABLE_NS_ASSERTIONS = NO;
				ENABLE_STRICT_OBJC_MSGSEND = YES;
				GCC_C_LANGUAGE_STANDARD = gnu11;
				GCC_NO_COMMON_BLOCKS = YES;
				GCC_WARN_64_TO_32_BIT_CONVERSION = YES;
				GCC_WARN_ABOUT_RETURN_TYPE = YES_ERROR;
				GCC_WARN_UNDECLARED_SELECTOR = YES;
				GCC_WARN_UNINITIALIZED_AUTOS = YES_AGGRESSIVE;
				GCC_WARN_UNUSED_FUNCTION = YES;
				GCC_WARN_UNUSED_VARIABLE = YES;
				IPHONEOS_DEPLOYMENT_TARGET = 11.3;
				MTL_ENABLE_DEBUG_INFO = NO;
				SDKROOT = iphoneos;
				SWIFT_COMPILATION_MODE = wholemodule;
				SWIFT_OPTIMIZATION_LEVEL = "-O";
				VALIDATE_PRODUCT = YES;
			};
			name = Release;
		};
		B1225A79212828880093BFC6 /* Debug */ = {
			isa = XCBuildConfiguration;
			baseConfigurationReference = 5EE39B67F4C9408F7B6390C1 /* Pods-SocketTestApp.debug.xcconfig */;
			buildSettings = {
				ASSETCATALOG_COMPILER_APPICON_NAME = AppIcon;
				CODE_SIGN_STYLE = Automatic;
				FRAMEWORK_SEARCH_PATHS = (
					"$(inherited)",
					"$(PROJECT_DIR)/SocketTestApp/Frameworks",
				);
				INFOPLIST_FILE = SocketTestApp/Info.plist;
				IPHONEOS_DEPLOYMENT_TARGET = 10;
				LD_RUNPATH_SEARCH_PATHS = (
					"$(inherited)",
					"@executable_path/Frameworks",
				);
				PRODUCT_BUNDLE_IDENTIFIER = com.socket..SocketTestApp;
				PRODUCT_NAME = "$(TARGET_NAME)";
				SWIFT_VERSION = 4.2;
				TARGETED_DEVICE_FAMILY = "1,2";
			};
			name = Debug;
		};
		B1225A7A212828880093BFC6 /* Release */ = {
			isa = XCBuildConfiguration;
			baseConfigurationReference = 1FA6F9403CD02A9711422059 /* Pods-SocketTestApp.release.xcconfig */;
			buildSettings = {
				ASSETCATALOG_COMPILER_APPICON_NAME = AppIcon;
				CODE_SIGN_STYLE = Automatic;
				FRAMEWORK_SEARCH_PATHS = (
					"$(inherited)",
					"$(PROJECT_DIR)/SocketTestApp/Frameworks",
				);
				INFOPLIST_FILE = SocketTestApp/Info.plist;
				IPHONEOS_DEPLOYMENT_TARGET = 10;
				LD_RUNPATH_SEARCH_PATHS = (
					"$(inherited)",
					"@executable_path/Frameworks",
				);
				PRODUCT_BUNDLE_IDENTIFIER = com.socket..SocketTestApp;
				PRODUCT_NAME = "$(TARGET_NAME)";
				SWIFT_VERSION = 4.2;
				TARGETED_DEVICE_FAMILY = "1,2";
			};
			name = Release;
		};
/* End XCBuildConfiguration section */

/* Begin XCConfigurationList section */
		B1225A61212828860093BFC6 /* Build configuration list for PBXProject "SocketTestApp" */ = {
			isa = XCConfigurationList;
			buildConfigurations = (
				B1225A76212828880093BFC6 /* Debug */,
				B1225A77212828880093BFC6 /* Release */,
			);
			defaultConfigurationIsVisible = 0;
			defaultConfigurationName = Release;
		};
		B1225A78212828880093BFC6 /* Build configuration list for PBXNativeTarget "SocketTestApp" */ = {
			isa = XCConfigurationList;
			buildConfigurations = (
				B1225A79212828880093BFC6 /* Debug */,
				B1225A7A212828880093BFC6 /* Release */,
			);
			defaultConfigurationIsVisible = 0;
			defaultConfigurationName = Release;
		};
/* End XCConfigurationList section */
	};
	rootObject = B1225A5E212828860093BFC6 /* Project object */;
}
